
Microsoft Visual Studio Solution File, Format Version 12.00
# Visual Studio Version 16
VisualStudioVersion = 16.0.30225.117
MinimumVisualStudioVersion = 10.0.40219.1
Project("{FAE04EC0-301F-11D3-BF4B-00C04F79EFBC}") = "basicEnroll", "basicEnroll\basicEnroll.csproj", "{C2079A2E-7C4C-403E-A5F2-CFD68913B922}"
EndProject
Project("{FAE04EC0-301F-11D3-BF4B-00C04F79EFBC}") = "LogHelperLib", "LogHelper\LogHelperLib.csproj", "{8602D183-8735-4414-8FC4-D6F94CDAB8AA}"
EndProject
Project("{FAE04EC0-301F-11D3-BF4B-00C04F79EFBC}") = "LogHelperLibTestsLogger", "LogHelperLibTestsLogger\LogHelperLibTestsLogger.csproj", "{C34A74AE-CEE5-48F0-AE91-CED030401E11}"
EndProject
Global
	GlobalSection(SolutionConfigurationPlatforms) = preSolution
		Debug|Any CPU = Debug|Any CPU
		Release|Any CPU = Release|Any CPU
	EndGlobalSection
	GlobalSection(ProjectConfigurationPlatforms) = postSolution
		{C2079A2E-7C4C-403E-A5F2-CFD68913B922}.Debug|Any CPU.ActiveCfg = Debug|Any CPU
		{C2079A2E-7C4C-403E-A5F2-CFD68913B922}.Debug|Any CPU.Build.0 = Debug|Any CPU
		{C2079A2E-7C4C-403E-A5F2-CFD68913B922}.Release|Any CPU.ActiveCfg = Release|Any CPU
		{C2079A2E-7C4C-403E-A5F2-CFD68913B922}.Release|Any CPU.Build.0 = Release|Any CPU
		{8602D183-8735-4414-8FC4-D6F94CDAB8AA}.Debug|Any CPU.ActiveCfg = Debug|Any CPU
		{8602D183-8735-4414-8FC4-D6F94CDAB8AA}.Debug|Any CPU.Build.0 = Debug|Any CPU
		{8602D183-8735-4414-8FC4-D6F94CDAB8AA}.Release|Any CPU.ActiveCfg = Release|Any CPU
		{8602D183-8735-4414-8FC4-D6F94CDAB8AA}.Release|Any CPU.Build.0 = Release|Any CPU
		{C34A74AE-CEE5-48F0-AE91-CED030401E11}.Debug|Any CPU.ActiveCfg = Debug|Any CPU
		{C34A74AE-CEE5-48F0-AE91-CED030401E11}.Debug|Any CPU.Build.0 = Debug|Any CPU
		{C34A74AE-CEE5-48F0-AE91-CED030401E11}.Release|Any CPU.ActiveCfg = Release|Any CPU
		{C34A74AE-CEE5-48F0-AE91-CED030401E11}.Release|Any CPU.Build.0 = Release|Any CPU
	EndGlobalSection
	GlobalSection(SolutionProperties) = preSolution
		HideSolutionNode = FALSE
	EndGlobalSection
	GlobalSection(ExtensibilityGlobals) = postSolution
		SolutionGuid = {76B28050-2F35-48E9-A727-C1D922A9074E}
	EndGlobalSection
EndGlobal
